
Microsoft Visual Studio Solution File, Format Version 12.00
# Visual Studio Version 16
VisualStudioVersion = 16.0.30114.105
MinimumVisualStudioVersion = 10.0.40219.1
Project("{FAE04EC0-301F-11D3-BF4B-00C04F79EFBC}") = "API", "API\API.csproj", "{D5F9275C-3F5D-499D-9A54-3FADB803E913}"
EndProject
Project("{FAE04EC0-301F-11D3-BF4B-00C04F79EFBC}") = "Core", "Core\Core.csproj", "{1D38759D-8172-4A0F-AF7D-FC30F22F6A64}"
EndProject
Project("{FAE04EC0-301F-11D3-BF4B-00C04F79EFBC}") = "Infrastructure", "Infrastructure\Infrastructure.csproj", "{B13E46AD-CCE4-45CB-915A-DD6A582E5C03}"
EndProject
Global
	GlobalSection(SolutionConfigurationPlatforms) = preSolution
		Debug|Any CPU = Debug|Any CPU
		Debug|x64 = Debug|x64
		Debug|x86 = Debug|x86
		Release|Any CPU = Release|Any CPU
		Release|x64 = Release|x64
		Release|x86 = Release|x86
	EndGlobalSection
	GlobalSection(SolutionProperties) = preSolution
		HideSolutionNode = FALSE
	EndGlobalSection
	GlobalSection(ProjectConfigurationPlatforms) = postSolution
		{D5F9275C-3F5D-499D-9A54-3FADB803E913}.Debug|Any CPU.ActiveCfg = Debug|Any CPU
		{D5F9275C-3F5D-499D-9A54-3FADB803E913}.Debug|Any CPU.Build.0 = Debug|Any CPU
		{D5F9275C-3F5D-499D-9A54-3FADB803E913}.Debug|x64.ActiveCfg = Debug|Any CPU
		{D5F9275C-3F5D-499D-9A54-3FADB803E913}.Debug|x64.Build.0 = Debug|Any CPU
		{D5F9275C-3F5D-499D-9A54-3FADB803E913}.Debug|x86.ActiveCfg = Debug|Any CPU
		{D5F9275C-3F5D-499D-9A54-3FADB803E913}.Debug|x86.Build.0 = Debug|Any CPU
		{D5F9275C-3F5D-499D-9A54-3FADB803E913}.Release|Any CPU.ActiveCfg = Release|Any CPU
		{D5F9275C-3F5D-499D-9A54-3FADB803E913}.Release|Any CPU.Build.0 = Release|Any CPU
		{D5F9275C-3F5D-499D-9A54-3FADB803E913}.Release|x64.ActiveCfg = Release|Any CPU
		{D5F9275C-3F5D-499D-9A54-3FADB803E913}.Release|x64.Build.0 = Release|Any CPU
		{D5F9275C-3F5D-499D-9A54-3FADB803E913}.Release|x86.ActiveCfg = Release|Any CPU
		{D5F9275C-3F5D-499D-9A54-3FADB803E913}.Release|x86.Build.0 = Release|Any CPU
		{1D38759D-8172-4A0F-AF7D-FC30F22F6A64}.Debug|Any CPU.ActiveCfg = Debug|Any CPU
		{1D38759D-8172-4A0F-AF7D-FC30F22F6A64}.Debug|Any CPU.Build.0 = Debug|Any CPU
		{1D38759D-8172-4A0F-AF7D-FC30F22F6A64}.Debug|x64.ActiveCfg = Debug|Any CPU
		{1D38759D-8172-4A0F-AF7D-FC30F22F6A64}.Debug|x64.Build.0 = Debug|Any CPU
		{1D38759D-8172-4A0F-AF7D-FC30F22F6A64}.Debug|x86.ActiveCfg = Debug|Any CPU
		{1D38759D-8172-4A0F-AF7D-FC30F22F6A64}.Debug|x86.Build.0 = Debug|Any CPU
		{1D38759D-8172-4A0F-AF7D-FC30F22F6A64}.Release|Any CPU.ActiveCfg = Release|Any CPU
		{1D38759D-8172-4A0F-AF7D-FC30F22F6A64}.Release|Any CPU.Build.0 = Release|Any CPU
		{1D38759D-8172-4A0F-AF7D-FC30F22F6A64}.Release|x64.ActiveCfg = Release|Any CPU
		{1D38759D-8172-4A0F-AF7D-FC30F22F6A64}.Release|x64.Build.0 = Release|Any CPU
		{1D38759D-8172-4A0F-AF7D-FC30F22F6A64}.Release|x86.ActiveCfg = Release|Any CPU
		{1D38759D-8172-4A0F-AF7D-FC30F22F6A64}.Release|x86.Build.0 = Release|Any CPU
		{B13E46AD-CCE4-45CB-915A-DD6A582E5C03}.Debug|Any CPU.ActiveCfg = Debug|Any CPU
		{B13E46AD-CCE4-45CB-915A-DD6A582E5C03}.Debug|Any CPU.Build.0 = Debug|Any CPU
		{B13E46AD-CCE4-45CB-915A-DD6A582E5C03}.Debug|x64.ActiveCfg = Debug|Any CPU
		{B13E46AD-CCE4-45CB-915A-DD6A582E5C03}.Debug|x64.Build.0 = Debug|Any CPU
		{B13E46AD-CCE4-45CB-915A-DD6A582E5C03}.Debug|x86.ActiveCfg = Debug|Any CPU
		{B13E46AD-CCE4-45CB-915A-DD6A582E5C03}.Debug|x86.Build.0 = Debug|Any CPU
		{B13E46AD-CCE4-45CB-915A-DD6A582E5C03}.Release|Any CPU.ActiveCfg = Release|Any CPU
		{B13E46AD-CCE4-45CB-915A-DD6A582E5C03}.Release|Any CPU.Build.0 = Release|Any CPU
		{B13E46AD-CCE4-45CB-915A-DD6A582E5C03}.Release|x64.ActiveCfg = Release|Any CPU
		{B13E46AD-CCE4-45CB-915A-DD6A582E5C03}.Release|x64.Build.0 = Release|Any CPU
		{B13E46AD-CCE4-45CB-915A-DD6A582E5C03}.Release|x86.ActiveCfg = Release|Any CPU
		{B13E46AD-CCE4-45CB-915A-DD6A582E5C03}.Release|x86.Build.0 = Release|Any CPU
	EndGlobalSection
EndGlobal
